// !$*UTF8*$!
{
	archiveVersion = 1;
	classes = {
	};
	objectVersion = 55;
	objects = {

/* Begin PBXBuildFile section */
		7F1C5C0C28D842CC0014E702 /* UIPageViewController+Extension.swift in Sources */ = {isa = PBXBuildFile; fileRef = 7F1C5C0B28D842CC0014E702 /* UIPageViewController+Extension.swift */; };
		7F9DD4CE28DAFA7D005DD0B6 /* LocalStorageProvider.swift in Sources */ = {isa = PBXBuildFile; fileRef = 7F9DD4CD28DAFA7D005DD0B6 /* LocalStorageProvider.swift */; };
		7FB4872328D7E8A2005531EE /* AppDelegate.swift in Sources */ = {isa = PBXBuildFile; fileRef = 7FB4872228D7E8A2005531EE /* AppDelegate.swift */; };
		7FB4872528D7E8A2005531EE /* SceneDelegate.swift in Sources */ = {isa = PBXBuildFile; fileRef = 7FB4872428D7E8A2005531EE /* SceneDelegate.swift */; };
		7FB4872728D7E8A2005531EE /* ViewController.swift in Sources */ = {isa = PBXBuildFile; fileRef = 7FB4872628D7E8A2005531EE /* ViewController.swift */; };
		7FB4872A28D7E8A2005531EE /* Main.storyboard in Resources */ = {isa = PBXBuildFile; fileRef = 7FB4872828D7E8A2005531EE /* Main.storyboard */; };
		7FB4872C28D7E8A2005531EE /* Assets.xcassets in Resources */ = {isa = PBXBuildFile; fileRef = 7FB4872B28D7E8A2005531EE /* Assets.xcassets */; };
		7FB4872F28D7E8A2005531EE /* LaunchScreen.storyboard in Resources */ = {isa = PBXBuildFile; fileRef = 7FB4872D28D7E8A2005531EE /* LaunchScreen.storyboard */; };
		7FB4873828D82D09005531EE /* WebViewController.swift in Sources */ = {isa = PBXBuildFile; fileRef = 7FB4873628D82D09005531EE /* WebViewController.swift */; };
		7FB4873928D82D09005531EE /* WebViewController.xib in Resources */ = {isa = PBXBuildFile; fileRef = 7FB4873728D82D09005531EE /* WebViewController.xib */; };
		7FB4873C28D83142005531EE /* HomeViewController.swift in Sources */ = {isa = PBXBuildFile; fileRef = 7FB4873A28D83142005531EE /* HomeViewController.swift */; };
		7FB4873D28D83142005531EE /* HomeViewController.xib in Resources */ = {isa = PBXBuildFile; fileRef = 7FB4873B28D83142005531EE /* HomeViewController.xib */; };
		7FB4874628D8392A005531EE /* UIView+Extension.swift in Sources */ = {isa = PBXBuildFile; fileRef = 7FB4874528D8392A005531EE /* UIView+Extension.swift */; };
/* End PBXBuildFile section */

/* Begin PBXFileReference section */
		7F1C5C0B28D842CC0014E702 /* UIPageViewController+Extension.swift */ = {isa = PBXFileReference; lastKnownFileType = sourcecode.swift; path = "UIPageViewController+Extension.swift"; sourceTree = "<group>"; };
		7F9DD4CD28DAFA7D005DD0B6 /* LocalStorageProvider.swift */ = {isa = PBXFileReference; fileEncoding = 4; lastKnownFileType = sourcecode.swift; path = LocalStorageProvider.swift; sourceTree = "<group>"; };
		7FB4871F28D7E8A2005531EE /* Korion.app */ = {isa = PBXFileReference; explicitFileType = wrapper.application; includeInIndex = 0; path = Korion.app; sourceTree = BUILT_PRODUCTS_DIR; };
		7FB4872228D7E8A2005531EE /* AppDelegate.swift */ = {isa = PBXFileReference; lastKnownFileType = sourcecode.swift; path = AppDelegate.swift; sourceTree = "<group>"; };
		7FB4872428D7E8A2005531EE /* SceneDelegate.swift */ = {isa = PBXFileReference; lastKnownFileType = sourcecode.swift; path = SceneDelegate.swift; sourceTree = "<group>"; };
		7FB4872628D7E8A2005531EE /* ViewController.swift */ = {isa = PBXFileReference; lastKnownFileType = sourcecode.swift; path = ViewController.swift; sourceTree = "<group>"; };
		7FB4872928D7E8A2005531EE /* Base */ = {isa = PBXFileReference; lastKnownFileType = file.storyboard; name = Base; path = Base.lproj/Main.storyboard; sourceTree = "<group>"; };
		7FB4872B28D7E8A2005531EE /* Assets.xcassets */ = {isa = PBXFileReference; lastKnownFileType = folder.assetcatalog; path = Assets.xcassets; sourceTree = "<group>"; };
		7FB4872E28D7E8A2005531EE /* Base */ = {isa = PBXFileReference; lastKnownFileType = file.storyboard; name = Base; path = Base.lproj/LaunchScreen.storyboard; sourceTree = "<group>"; };
		7FB4873028D7E8A2005531EE /* Info.plist */ = {isa = PBXFileReference; lastKnownFileType = text.plist.xml; path = Info.plist; sourceTree = "<group>"; };
		7FB4873628D82D09005531EE /* WebViewController.swift */ = {isa = PBXFileReference; lastKnownFileType = sourcecode.swift; path = WebViewController.swift; sourceTree = "<group>"; };
		7FB4873728D82D09005531EE /* WebViewController.xib */ = {isa = PBXFileReference; lastKnownFileType = file.xib; path = WebViewController.xib; sourceTree = "<group>"; };
		7FB4873A28D83142005531EE /* HomeViewController.swift */ = {isa = PBXFileReference; lastKnownFileType = sourcecode.swift; path = HomeViewController.swift; sourceTree = "<group>"; };
		7FB4873B28D83142005531EE /* HomeViewController.xib */ = {isa = PBXFileReference; lastKnownFileType = file.xib; path = HomeViewController.xib; sourceTree = "<group>"; };
		7FB4874528D8392A005531EE /* UIView+Extension.swift */ = {isa = PBXFileReference; lastKnownFileType = sourcecode.swift; path = "UIView+Extension.swift"; sourceTree = "<group>"; };
/* End PBXFileReference section */

/* Begin PBXFrameworksBuildPhase section */
		7FB4871C28D7E8A2005531EE /* Frameworks */ = {
			isa = PBXFrameworksBuildPhase;
			buildActionMask = 2147483647;
			files = (
			);
			runOnlyForDeploymentPostprocessing = 0;
		};
/* End PBXFrameworksBuildPhase section */

/* Begin PBXGroup section */
		7FB4871628D7E8A2005531EE = {
			isa = PBXGroup;
			children = (
				7FB4872128D7E8A2005531EE /* Korion */,
				7FB4872028D7E8A2005531EE /* Products */,
			);
			sourceTree = "<group>";
		};
		7FB4872028D7E8A2005531EE /* Products */ = {
			isa = PBXGroup;
			children = (
				7FB4871F28D7E8A2005531EE /* Korion.app */,
			);
			name = Products;
			sourceTree = "<group>";
		};
		7FB4872128D7E8A2005531EE /* Korion */ = {
			isa = PBXGroup;
			children = (
				7FB4872228D7E8A2005531EE /* AppDelegate.swift */,
				7FB4872428D7E8A2005531EE /* SceneDelegate.swift */,
				7FB4872628D7E8A2005531EE /* ViewController.swift */,
				7FB4873A28D83142005531EE /* HomeViewController.swift */,
				7FB4873B28D83142005531EE /* HomeViewController.xib */,
				7FB4873628D82D09005531EE /* WebViewController.swift */,
				7FB4873728D82D09005531EE /* WebViewController.xib */,
				7F9DD4CD28DAFA7D005DD0B6 /* LocalStorageProvider.swift */,
				7FB4874428D83922005531EE /* Extension */,
				7FB4872828D7E8A2005531EE /* Main.storyboard */,
				7FB4872B28D7E8A2005531EE /* Assets.xcassets */,
				7FB4872D28D7E8A2005531EE /* LaunchScreen.storyboard */,
				7FB4873028D7E8A2005531EE /* Info.plist */,
			);
			path = Korion;
			sourceTree = "<group>";
		};
		7FB4874428D83922005531EE /* Extension */ = {
			isa = PBXGroup;
			children = (
				7FB4874528D8392A005531EE /* UIView+Extension.swift */,
				7F1C5C0B28D842CC0014E702 /* UIPageViewController+Extension.swift */,
			);
			path = Extension;
			sourceTree = "<group>";
		};
/* End PBXGroup section */

/* Begin PBXNativeTarget section */
		7FB4871E28D7E8A2005531EE /* Korion */ = {
			isa = PBXNativeTarget;
			buildConfigurationList = 7FB4873328D7E8A2005531EE /* Build configuration list for PBXNativeTarget "Korion" */;
			buildPhases = (
				7FB4871B28D7E8A2005531EE /* Sources */,
				7FB4871C28D7E8A2005531EE /* Frameworks */,
				7FB4871D28D7E8A2005531EE /* Resources */,
			);
			buildRules = (
			);
			dependencies = (
			);
			name = Korion;
			productName = Korion;
			productReference = 7FB4871F28D7E8A2005531EE /* Korion.app */;
			productType = "com.apple.product-type.application";
		};
/* End PBXNativeTarget section */

/* Begin PBXProject section */
		7FB4871728D7E8A2005531EE /* Project object */ = {
			isa = PBXProject;
			attributes = {
				BuildIndependentTargetsInParallel = 1;
				LastSwiftUpdateCheck = 1340;
				LastUpgradeCheck = 1340;
				TargetAttributes = {
					7FB4871E28D7E8A2005531EE = {
						CreatedOnToolsVersion = 13.4.1;
					};
				};
			};
			buildConfigurationList = 7FB4871A28D7E8A2005531EE /* Build configuration list for PBXProject "Korion" */;
			compatibilityVersion = "Xcode 13.0";
			developmentRegion = en;
			hasScannedForEncodings = 0;
			knownRegions = (
				en,
				Base,
			);
			mainGroup = 7FB4871628D7E8A2005531EE;
			productRefGroup = 7FB4872028D7E8A2005531EE /* Products */;
			projectDirPath = "";
			projectRoot = "";
			targets = (
				7FB4871E28D7E8A2005531EE /* Korion */,
			);
		};
/* End PBXProject section */

/* Begin PBXResourcesBuildPhase section */
		7FB4871D28D7E8A2005531EE /* Resources */ = {
			isa = PBXResourcesBuildPhase;
			buildActionMask = 2147483647;
			files = (
				7FB4872F28D7E8A2005531EE /* LaunchScreen.storyboard in Resources */,
				7FB4872C28D7E8A2005531EE /* Assets.xcassets in Resources */,
				7FB4873D28D83142005531EE /* HomeViewController.xib in Resources */,
				7FB4872A28D7E8A2005531EE /* Main.storyboard in Resources */,
				7FB4873928D82D09005531EE /* WebViewController.xib in Resources */,
			);
			runOnlyForDeploymentPostprocessing = 0;
		};
/* End PBXResourcesBuildPhase section */

/* Begin PBXSourcesBuildPhase section */
		7FB4871B28D7E8A2005531EE /* Sources */ = {
			isa = PBXSourcesBuildPhase;
			buildActionMask = 2147483647;
			files = (
				7F9DD4CE28DAFA7D005DD0B6 /* LocalStorageProvider.swift in Sources */,
				7FB4874628D8392A005531EE /* UIView+Extension.swift in Sources */,
				7FB4873C28D83142005531EE /* HomeViewController.swift in Sources */,
				7FB4872728D7E8A2005531EE /* ViewController.swift in Sources */,
				7F1C5C0C28D842CC0014E702 /* UIPageViewController+Extension.swift in Sources */,
				7FB4872328D7E8A2005531EE /* AppDelegate.swift in Sources */,
				7FB4872528D7E8A2005531EE /* SceneDelegate.swift in Sources */,
				7FB4873828D82D09005531EE /* WebViewController.swift in Sources */,
			);
			runOnlyForDeploymentPostprocessing = 0;
		};
/* End PBXSourcesBuildPhase section */

/* Begin PBXVariantGroup section */
		7FB4872828D7E8A2005531EE /* Main.storyboard */ = {
			isa = PBXVariantGroup;
			children = (
				7FB4872928D7E8A2005531EE /* Base */,
			);
			name = Main.storyboard;
			sourceTree = "<group>";
		};
		7FB4872D28D7E8A2005531EE /* LaunchScreen.storyboard */ = {
			isa = PBXVariantGroup;
			children = (
				7FB4872E28D7E8A2005531EE /* Base */,
			);
			name = LaunchScreen.storyboard;
			sourceTree = "<group>";
		};
/* End PBXVariantGroup section */

/* Begin XCBuildConfiguration section */
		7FB4873128D7E8A2005531EE /* Debug */ = {
			isa = XCBuildConfiguration;
			buildSettings = {
				ALWAYS_SEARCH_USER_PATHS = NO;
				CLANG_ANALYZER_NONNULL = YES;
				CLANG_ANALYZER_NUMBER_OBJECT_CONVERSION = YES_AGGRESSIVE;
				CLANG_CXX_LANGUAGE_STANDARD = "gnu++17";
				CLANG_ENABLE_MODULES = YES;
				CLANG_ENABLE_OBJC_ARC = YES;
				CLANG_ENABLE_OBJC_WEAK = YES;
				CLANG_WARN_BLOCK_CAPTURE_AUTORELEASING = YES;
				CLANG_WARN_BOOL_CONVERSION = YES;
				CLANG_WARN_COMMA = YES;
				CLANG_WARN_CONSTANT_CONVERSION = YES;
				CLANG_WARN_DEPRECATED_OBJC_IMPLEMENTATIONS = YES;
				CLANG_WARN_DIRECT_OBJC_ISA_USAGE = YES_ERROR;
				CLANG_WARN_DOCUMENTATION_COMMENTS = YES;
				CLANG_WARN_EMPTY_BODY = YES;
				CLANG_WARN_ENUM_CONVERSION = YES;
				CLANG_WARN_INFINITE_RECURSION = YES;
				CLANG_WARN_INT_CONVERSION = YES;
				CLANG_WARN_NON_LITERAL_NULL_CONVERSION = YES;
				CLANG_WARN_OBJC_IMPLICIT_RETAIN_SELF = YES;
				CLANG_WARN_OBJC_LITERAL_CONVERSION = YES;
				CLANG_WARN_OBJC_ROOT_CLASS = YES_ERROR;
				CLANG_WARN_QUOTED_INCLUDE_IN_FRAMEWORK_HEADER = YES;
				CLANG_WARN_RANGE_LOOP_ANALYSIS = YES;
				CLANG_WARN_STRICT_PROTOTYPES = YES;
				CLANG_WARN_SUSPICIOUS_MOVE = YES;
				CLANG_WARN_UNGUARDED_AVAILABILITY = YES_AGGRESSIVE;
				CLANG_WARN_UNREACHABLE_CODE = YES;
				CLANG_WARN__DUPLICATE_METHOD_MATCH = YES;
				COPY_PHASE_STRIP = NO;
				DEBUG_INFORMATION_FORMAT = dwarf;
				ENABLE_STRICT_OBJC_MSGSEND = YES;
				ENABLE_TESTABILITY = YES;
				GCC_C_LANGUAGE_STANDARD = gnu11;
				GCC_DYNAMIC_NO_PIC = NO;
				GCC_NO_COMMON_BLOCKS = YES;
				GCC_OPTIMIZATION_LEVEL = 0;
				GCC_PREPROCESSOR_DEFINITIONS = (
					"DEBUG=1",
					"$(inherited)",
				);
				GCC_WARN_64_TO_32_BIT_CONVERSION = YES;
				GCC_WARN_ABOUT_RETURN_TYPE = YES_ERROR;
				GCC_WARN_UNDECLARED_SELECTOR = YES;
				GCC_WARN_UNINITIALIZED_AUTOS = YES_AGGRESSIVE;
				GCC_WARN_UNUSED_FUNCTION = YES;
				GCC_WARN_UNUSED_VARIABLE = YES;
				IPHONEOS_DEPLOYMENT_TARGET = 15.5;
				MTL_ENABLE_DEBUG_INFO = INCLUDE_SOURCE;
				MTL_FAST_MATH = YES;
				ONLY_ACTIVE_ARCH = YES;
				SDKROOT = iphoneos;
				SWIFT_ACTIVE_COMPILATION_CONDITIONS = DEBUG;
				SWIFT_OPTIMIZATION_LEVEL = "-Onone";
			};
			name = Debug;
		};
		7FB4873228D7E8A2005531EE /* Release */ = {
			isa = XCBuildConfiguration;
			buildSettings = {
				ALWAYS_SEARCH_USER_PATHS = NO;
				CLANG_ANALYZER_NONNULL = YES;
				CLANG_ANALYZER_NUMBER_OBJECT_CONVERSION = YES_AGGRESSIVE;
				CLANG_CXX_LANGUAGE_STANDARD = "gnu++17";
				CLANG_ENABLE_MODULES = YES;
				CLANG_ENABLE_OBJC_ARC = YES;
				CLANG_ENABLE_OBJC_WEAK = YES;
				CLANG_WARN_BLOCK_CAPTURE_AUTORELEASING = YES;
				CLANG_WARN_BOOL_CONVERSION = YES;
				CLANG_WARN_COMMA = YES;
				CLANG_WARN_CONSTANT_CONVERSION = YES;
				CLANG_WARN_DEPRECATED_OBJC_IMPLEMENTATIONS = YES;
				CLANG_WARN_DIRECT_OBJC_ISA_USAGE = YES_ERROR;
				CLANG_WARN_DOCUMENTATION_COMMENTS = YES;
				CLANG_WARN_EMPTY_BODY = YES;
				CLANG_WARN_ENUM_CONVERSION = YES;
				CLANG_WARN_INFINITE_RECURSION = YES;
				CLANG_WARN_INT_CONVERSION = YES;
				CLANG_WARN_NON_LITERAL_NULL_CONVERSION = YES;
				CLANG_WARN_OBJC_IMPLICIT_RETAIN_SELF = YES;
				CLANG_WARN_OBJC_LITERAL_CONVERSION = YES;
				CLANG_WARN_OBJC_ROOT_CLASS = YES_ERROR;
				CLANG_WARN_QUOTED_INCLUDE_IN_FRAMEWORK_HEADER = YES;
				CLANG_WARN_RANGE_LOOP_ANALYSIS = YES;
				CLANG_WARN_STRICT_PROTOTYPES = YES;
				CLANG_WARN_SUSPICIOUS_MOVE = YES;
				CLANG_WARN_UNGUARDED_AVAILABILITY = YES_AGGRESSIVE;
				CLANG_WARN_UNREACHABLE_CODE = YES;
				CLANG_WARN__DUPLICATE_METHOD_MATCH = YES;
				COPY_PHASE_STRIP = NO;
				DEBUG_INFORMATION_FORMAT = "dwarf-with-dsym";
				ENABLE_NS_ASSERTIONS = NO;
				ENABLE_STRICT_OBJC_MSGSEND = YES;
				GCC_C_LANGUAGE_STANDARD = gnu11;
				GCC_NO_COMMON_BLOCKS = YES;
				GCC_WARN_64_TO_32_BIT_CONVERSION = YES;
				GCC_WARN_ABOUT_RETURN_TYPE = YES_ERROR;
				GCC_WARN_UNDECLARED_SELECTOR = YES;
				GCC_WARN_UNINITIALIZED_AUTOS = YES_AGGRESSIVE;
				GCC_WARN_UNUSED_FUNCTION = YES;
				GCC_WARN_UNUSED_VARIABLE = YES;
				IPHONEOS_DEPLOYMENT_TARGET = 15.5;
				MTL_ENABLE_DEBUG_INFO = NO;
				MTL_FAST_MATH = YES;
				SDKROOT = iphoneos;
				SWIFT_COMPILATION_MODE = wholemodule;
				SWIFT_OPTIMIZATION_LEVEL = "-O";
				VALIDATE_PRODUCT = YES;
			};
			name = Release;
		};
		7FB4873428D7E8A2005531EE /* Debug */ = {
			isa = XCBuildConfiguration;
			buildSettings = {
				ASSETCATALOG_COMPILER_APPICON_NAME = AppIcon;
				ASSETCATALOG_COMPILER_GLOBAL_ACCENT_COLOR_NAME = AccentColor;
				CODE_SIGN_STYLE = Automatic;
				CURRENT_PROJECT_VERSION = 1;
				DEVELOPMENT_TEAM = M7UE9XQX9P;
				GENERATE_INFOPLIST_FILE = YES;
				INFOPLIST_FILE = Korion/Info.plist;
				INFOPLIST_KEY_UIApplicationSupportsIndirectInputEvents = YES;
				INFOPLIST_KEY_UILaunchStoryboardName = LaunchScreen;
				INFOPLIST_KEY_UIMainStoryboardFile = Main;
				INFOPLIST_KEY_UISupportedInterfaceOrientations = "UIInterfaceOrientationPortrait UIInterfaceOrientationLandscapeLeft UIInterfaceOrientationLandscapeRight";
				INFOPLIST_KEY_UISupportedInterfaceOrientations_iPad = "UIInterfaceOrientationPortrait UIInterfaceOrientationPortraitUpsideDown UIInterfaceOrientationLandscapeLeft UIInterfaceOrientationLandscapeRight";
				INFOPLIST_KEY_UISupportedInterfaceOrientations_iPhone = "UIInterfaceOrientationPortrait UIInterfaceOrientationLandscapeLeft UIInterfaceOrientationLandscapeRight";
				IPHONEOS_DEPLOYMENT_TARGET = 13.0;
				LD_RUNPATH_SEARCH_PATHS = (
					"$(inherited)",
					"@executable_path/Frameworks",
				);
				MARKETING_VERSION = 1.0;
				PRODUCT_BUNDLE_IDENTIFIER = com.daddycoding.Korion;
				PRODUCT_NAME = "$(TARGET_NAME)";
				SWIFT_EMIT_LOC_STRINGS = YES;
				SWIFT_VERSION = 5.0;
				TARGETED_DEVICE_FAMILY = "1,2";
			};
			name = Debug;
		};
		7FB4873528D7E8A2005531EE /* Release */ = {
			isa = XCBuildConfiguration;
			buildSettings = {
				ASSETCATALOG_COMPILER_APPICON_NAME = AppIcon;
				ASSETCATALOG_COMPILER_GLOBAL_ACCENT_COLOR_NAME = AccentColor;
				CODE_SIGN_STYLE = Automatic;
				CURRENT_PROJECT_VERSION = 1;
				DEVELOPMENT_TEAM = M7UE9XQX9P;
				GENERATE_INFOPLIST_FILE = YES;
				INFOPLIST_FILE = Korion/Info.plist;
				INFOPLIST_KEY_UIApplicationSupportsIndirectInputEvents = YES;
				INFOPLIST_KEY_UILaunchStoryboardName = LaunchScreen;
				INFOPLIST_KEY_UIMainStoryboardFile = Main;
				INFOPLIST_KEY_UISupportedInterfaceOrientations = "UIInterfaceOrientationPortrait UIInterfaceOrientationLandscapeLeft UIInterfaceOrientationLandscapeRight";
				INFOPLIST_KEY_UISupportedInterfaceOrientations_iPad = "UIInterfaceOrientationPortrait UIInterfaceOrientationPortraitUpsideDown UIInterfaceOrientationLandscapeLeft UIInterfaceOrientationLandscapeRight";
				INFOPLIST_KEY_UISupportedInterfaceOrientations_iPhone = "UIInterfaceOrientationPortrait UIInterfaceOrientationLandscapeLeft UIInterfaceOrientationLandscapeRight";
				IPHONEOS_DEPLOYMENT_TARGET = 13.0;
				LD_RUNPATH_SEARCH_PATHS = (
					"$(inherited)",
					"@executable_path/Frameworks",
				);
				MARKETING_VERSION = 1.0;
				PRODUCT_BUNDLE_IDENTIFIER = com.daddycoding.Korion;
				PRODUCT_NAME = "$(TARGET_NAME)";
				SWIFT_EMIT_LOC_STRINGS = YES;
				SWIFT_VERSION = 5.0;
				TARGETED_DEVICE_FAMILY = "1,2";
			};
			name = Release;
		};
/* End XCBuildConfiguration section */

/* Begin XCConfigurationList section */
		7FB4871A28D7E8A2005531EE /* Build configuration list for PBXProject "Korion" */ = {
			isa = XCConfigurationList;
			buildConfigurations = (
				7FB4873128D7E8A2005531EE /* Debug */,
				7FB4873228D7E8A2005531EE /* Release */,
			);
			defaultConfigurationIsVisible = 0;
			defaultConfigurationName = Release;
		};
		7FB4873328D7E8A2005531EE /* Build configuration list for PBXNativeTarget "Korion" */ = {
			isa = XCConfigurationList;
			buildConfigurations = (
				7FB4873428D7E8A2005531EE /* Debug */,
				7FB4873528D7E8A2005531EE /* Release */,
			);
			defaultConfigurationIsVisible = 0;
			defaultConfigurationName = Release;
		};
/* End XCConfigurationList section */
	};
	rootObject = 7FB4871728D7E8A2005531EE /* Project object */;
}
